
Microsoft Visual Studio Solution File, Format Version 12.00
# Visual Studio Version 16
VisualStudioVersion = 16.0.32413.511
MinimumVisualStudioVersion = 10.0.40219.1
Project("{FAE04EC0-301F-11D3-BF4B-00C04F79EFBC}") = "Range Sum Query 2D - Immutable", "Range Sum Query 2D - Immutable\Range Sum Query 2D - Immutable.csproj", "{2F512A0F-59AC-4885-A996-EB925E292CD9}"
EndProject
Global
	GlobalSection(SolutionConfigurationPlatforms) = preSolution
		Debug|Any CPU = Debug|Any CPU
		Release|Any CPU = Release|Any CPU
	EndGlobalSection
	GlobalSection(ProjectConfigurationPlatforms) = postSolution
		{2F512A0F-59AC-4885-A996-EB925E292CD9}.Debug|Any CPU.ActiveCfg = Debug|Any CPU
		{2F512A0F-59AC-4885-A996-EB925E292CD9}.Debug|Any CPU.Build.0 = Debug|Any CPU
		{2F512A0F-59AC-4885-A996-EB925E292CD9}.Release|Any CPU.ActiveCfg = Release|Any CPU
		{2F512A0F-59AC-4885-A996-EB925E292CD9}.Release|Any CPU.Build.0 = Release|Any CPU
	EndGlobalSection
	GlobalSection(SolutionProperties) = preSolution
		HideSolutionNode = FALSE
	EndGlobalSection
	GlobalSection(ExtensibilityGlobals) = postSolution
		SolutionGuid = {4CB306B0-EBFC-4F3D-B58C-E610C5B3F57B}
	EndGlobalSection
EndGlobal
